
Microsoft Visual Studio Solution File, Format Version 12.00
# Visual Studio Version 17
VisualStudioVersion = 17.0.31808.319
MinimumVisualStudioVersion = 10.0.40219.1
Project("{2150E333-8FDC-42A3-9474-1A3956D46DE8}") = "src", "src", "{DB6FD3CC-2392-4383-A768-778E9AA19E22}"
EndProject
Project("{9A19103F-16F7-4668-BE54-9A1E7A4F7556}") = "WeatherForecast.Shared", "src\WeatherForecast\WeatherForecast.Shared\WeatherForecast.Shared.csproj", "{F3E53F79-AE26-42F9-AB12-66FA4706AAD9}"
EndProject
Project("{9A19103F-16F7-4668-BE54-9A1E7A4F7556}") = "WeatherForecast.Domain", "src\WeatherForecast\WeatherForecast.Domain\WeatherForecast.Domain.csproj", "{B3080AFF-365E-439D-97BA-8A3E92B3F872}"
EndProject
Project("{9A19103F-16F7-4668-BE54-9A1E7A4F7556}") = "WeatherForecast.Application", "src\WeatherForecast\WeatherForecast.Application\WeatherForecast.Application.csproj", "{DD7F484E-7233-40A0-BBFA-F9BBF7BABC79}"
EndProject
Project("{9A19103F-16F7-4668-BE54-9A1E7A4F7556}") = "WeatherForecast.Interfaces", "src\WeatherForecast\WeatherForecast.Interfaces\WeatherForecast.Interfaces.csproj", "{2B75047B-1AFC-47DE-8B31-F1CF8AEC6E05}"
EndProject
Project("{2150E333-8FDC-42A3-9474-1A3956D46DE8}") = "Solution Items", "Solution Items", "{F3BA576E-D51A-491E-ABB3-F7AADF75573A}"
	ProjectSection(SolutionItems) = preProject
		.editorconfig = .editorconfig
		docker-compose.ps1 = docker-compose.ps1
	EndProjectSection
EndProject
Project("{9A19103F-16F7-4668-BE54-9A1E7A4F7556}") = "WeatherForecats.UnitTest", "src\WeatherForecast\WeatherForecats.UnitTest\WeatherForecats.UnitTest.csproj", "{8A890C24-5F18-4844-BC49-A584795E70A9}"
EndProject
Project("{9A19103F-16F7-4668-BE54-9A1E7A4F7556}") = "HostWebApi", "src\HostWebApi\HostWebApi.csproj", "{50AFDF73-735C-48DD-B197-415C0B9992FA}"
EndProject
Project("{9A19103F-16F7-4668-BE54-9A1E7A4F7556}") = "HostWebApi.Test", "test\HostWebApi.Test\HostWebApi.Test.csproj", "{BCA67212-590C-4863-8862-085A2504E0FE}"
EndProject
Project("{FAE04EC0-301F-11D3-BF4B-00C04F79EFBC}") = "WeatherForecast.Infraestructure", "src\WeatherForecast\WeatherForecast.Infraestructure\WeatherForecast.Infraestructure.csproj", "{E1EB2965-839C-47C0-86B0-E9F4A0C7F32E}"
EndProject
Project("{FAE04EC0-301F-11D3-BF4B-00C04F79EFBC}") = "Infraestructure.MongoDatabase", "src\Infraestructure.MongoDatabase\Infraestructure.MongoDatabase.csproj", "{1D41035C-0E36-4609-983D-AB3883D5325D}"
EndProject
Project("{2150E333-8FDC-42A3-9474-1A3956D46DE8}") = "WeatherForecast", "WeatherForecast", "{D2A8EC22-05EF-44FB-9E06-9FA8B9788AC4}"
EndProject
Project("{2150E333-8FDC-42A3-9474-1A3956D46DE8}") = "User", "User", "{AD359AC3-E703-40B0-B224-2867D2E0C795}"
EndProject
Project("{FAE04EC0-301F-11D3-BF4B-00C04F79EFBC}") = "User.Core", "src\User\User.Core\User.Core.csproj", "{A2657B95-B2C5-45FE-AB82-4B6ECC81EE86}"
EndProject
Project("{FAE04EC0-301F-11D3-BF4B-00C04F79EFBC}") = "User.Interfaces", "src\User\User.Interfaces\User.Interfaces.csproj", "{0BC74A9B-DFA4-446B-B491-B3E301A2F239}"
EndProject
Project("{FAE04EC0-301F-11D3-BF4B-00C04F79EFBC}") = "User.Infraestructure", "src\User\User.Infraestructure\User.Infraestructure.csproj", "{A6D3E0FC-0621-404A-B58C-C7FFB7F82A45}"
EndProject
Project("{FAE04EC0-301F-11D3-BF4B-00C04F79EFBC}") = "User.Domain", "src\User\User.Domain\User.Domain.csproj", "{B9D6F89B-2793-43D2-BD82-44D89302DF63}"
EndProject
Project("{FAE04EC0-301F-11D3-BF4B-00C04F79EFBC}") = "User.API", "src\User\User.API\User.API.csproj", "{D83BE308-98CB-4C2B-A71F-FD26C77B573E}"
EndProject
Project("{2150E333-8FDC-42A3-9474-1A3956D46DE8}") = "Other", "Other", "{AE0EC741-70AE-4510-83B0-2C1A39629CFD}"
EndProject
Project("{FAE04EC0-301F-11D3-BF4B-00C04F79EFBC}") = "WeatherForecast.API", "src\WeatherForecast\WeatherForecast.API\WeatherForecast.API.csproj", "{1126222A-E6C9-4FAA-9DDD-BA6B7672FC1E}"
EndProject
Project("{2150E333-8FDC-42A3-9474-1A3956D46DE8}") = "Other", "Other", "{93B25693-A443-486B-977C-0A304A647726}"
EndProject
Project("{2150E333-8FDC-42A3-9474-1A3956D46DE8}") = "Test", "Test", "{F25F989B-F75C-4284-91CF-8E07E08913AC}"
EndProject
Project("{2150E333-8FDC-42A3-9474-1A3956D46DE8}") = "test", "test", "{217D2AD2-889B-438D-A898-08BA601811C1}"
EndProject
Project("{FAE04EC0-301F-11D3-BF4B-00C04F79EFBC}") = "WeatherForecast.IntegrationTest", "src\WeatherForecast\WeatherForecast.IntegrationTest\WeatherForecast.IntegrationTest.csproj", "{6CB7C7B5-38EE-44F6-9EFE-4C915F40F6B7}"
EndProject
Project("{FAE04EC0-301F-11D3-BF4B-00C04F79EFBC}") = "User.Shared", "src\User\User.Shared\User.Shared.csproj", "{36A0D136-D01E-47A0-A0CD-4336439E7BBA}"
EndProject
Project("{FAE04EC0-301F-11D3-BF4B-00C04F79EFBC}") = "Infraestructure.MySqlDatabase", "src\Infraestructure.MySqlDatabase\Infraestructure.MySqlDatabase.csproj", "{335306BA-3497-48AB-99DC-6AC729DED13D}"
EndProject
Project("{2150E333-8FDC-42A3-9474-1A3956D46DE8}") = "Infraestructure", "Infraestructure", "{74A0E1B1-77F9-439A-B50B-C12EDFC4A041}"
EndProject
Project("{FAE04EC0-301F-11D3-BF4B-00C04F79EFBC}") = "HostWebApi.Shared", "src\HostWebApi.Shared\HostWebApi.Shared.csproj", "{2099F728-E473-4D95-AA07-9056295E3E32}"
EndProject
Global
	GlobalSection(SolutionConfigurationPlatforms) = preSolution
		Debug|Any CPU = Debug|Any CPU
		Release|Any CPU = Release|Any CPU
	EndGlobalSection
	GlobalSection(ProjectConfigurationPlatforms) = postSolution
		{F3E53F79-AE26-42F9-AB12-66FA4706AAD9}.Debug|Any CPU.ActiveCfg = Debug|Any CPU
		{F3E53F79-AE26-42F9-AB12-66FA4706AAD9}.Debug|Any CPU.Build.0 = Debug|Any CPU
		{F3E53F79-AE26-42F9-AB12-66FA4706AAD9}.Release|Any CPU.ActiveCfg = Release|Any CPU
		{F3E53F79-AE26-42F9-AB12-66FA4706AAD9}.Release|Any CPU.Build.0 = Release|Any CPU
		{B3080AFF-365E-439D-97BA-8A3E92B3F872}.Debug|Any CPU.ActiveCfg = Debug|Any CPU
		{B3080AFF-365E-439D-97BA-8A3E92B3F872}.Debug|Any CPU.Build.0 = Debug|Any CPU
		{B3080AFF-365E-439D-97BA-8A3E92B3F872}.Release|Any CPU.ActiveCfg = Release|Any CPU
		{B3080AFF-365E-439D-97BA-8A3E92B3F872}.Release|Any CPU.Build.0 = Release|Any CPU
		{DD7F484E-7233-40A0-BBFA-F9BBF7BABC79}.Debug|Any CPU.ActiveCfg = Debug|Any CPU
		{DD7F484E-7233-40A0-BBFA-F9BBF7BABC79}.Debug|Any CPU.Build.0 = Debug|Any CPU
		{DD7F484E-7233-40A0-BBFA-F9BBF7BABC79}.Release|Any CPU.ActiveCfg = Release|Any CPU
		{DD7F484E-7233-40A0-BBFA-F9BBF7BABC79}.Release|Any CPU.Build.0 = Release|Any CPU
		{2B75047B-1AFC-47DE-8B31-F1CF8AEC6E05}.Debug|Any CPU.ActiveCfg = Debug|Any CPU
		{2B75047B-1AFC-47DE-8B31-F1CF8AEC6E05}.Debug|Any CPU.Build.0 = Debug|Any CPU
		{2B75047B-1AFC-47DE-8B31-F1CF8AEC6E05}.Release|Any CPU.ActiveCfg = Release|Any CPU
		{2B75047B-1AFC-47DE-8B31-F1CF8AEC6E05}.Release|Any CPU.Build.0 = Release|Any CPU
		{8A890C24-5F18-4844-BC49-A584795E70A9}.Debug|Any CPU.ActiveCfg = Debug|Any CPU
		{8A890C24-5F18-4844-BC49-A584795E70A9}.Debug|Any CPU.Build.0 = Debug|Any CPU
		{8A890C24-5F18-4844-BC49-A584795E70A9}.Release|Any CPU.ActiveCfg = Release|Any CPU
		{8A890C24-5F18-4844-BC49-A584795E70A9}.Release|Any CPU.Build.0 = Release|Any CPU
		{50AFDF73-735C-48DD-B197-415C0B9992FA}.Debug|Any CPU.ActiveCfg = Debug|Any CPU
		{50AFDF73-735C-48DD-B197-415C0B9992FA}.Debug|Any CPU.Build.0 = Debug|Any CPU
		{50AFDF73-735C-48DD-B197-415C0B9992FA}.Release|Any CPU.ActiveCfg = Release|Any CPU
		{50AFDF73-735C-48DD-B197-415C0B9992FA}.Release|Any CPU.Build.0 = Release|Any CPU
		{BCA67212-590C-4863-8862-085A2504E0FE}.Debug|Any CPU.ActiveCfg = Debug|Any CPU
		{BCA67212-590C-4863-8862-085A2504E0FE}.Debug|Any CPU.Build.0 = Debug|Any CPU
		{BCA67212-590C-4863-8862-085A2504E0FE}.Release|Any CPU.ActiveCfg = Release|Any CPU
		{BCA67212-590C-4863-8862-085A2504E0FE}.Release|Any CPU.Build.0 = Release|Any CPU
		{E1EB2965-839C-47C0-86B0-E9F4A0C7F32E}.Debug|Any CPU.ActiveCfg = Debug|Any CPU
		{E1EB2965-839C-47C0-86B0-E9F4A0C7F32E}.Debug|Any CPU.Build.0 = Debug|Any CPU
		{E1EB2965-839C-47C0-86B0-E9F4A0C7F32E}.Release|Any CPU.ActiveCfg = Release|Any CPU
		{E1EB2965-839C-47C0-86B0-E9F4A0C7F32E}.Release|Any CPU.Build.0 = Release|Any CPU
		{1D41035C-0E36-4609-983D-AB3883D5325D}.Debug|Any CPU.ActiveCfg = Debug|Any CPU
		{1D41035C-0E36-4609-983D-AB3883D5325D}.Debug|Any CPU.Build.0 = Debug|Any CPU
		{1D41035C-0E36-4609-983D-AB3883D5325D}.Release|Any CPU.ActiveCfg = Release|Any CPU
		{1D41035C-0E36-4609-983D-AB3883D5325D}.Release|Any CPU.Build.0 = Release|Any CPU
		{A2657B95-B2C5-45FE-AB82-4B6ECC81EE86}.Debug|Any CPU.ActiveCfg = Debug|Any CPU
		{A2657B95-B2C5-45FE-AB82-4B6ECC81EE86}.Debug|Any CPU.Build.0 = Debug|Any CPU
		{A2657B95-B2C5-45FE-AB82-4B6ECC81EE86}.Release|Any CPU.ActiveCfg = Release|Any CPU
		{A2657B95-B2C5-45FE-AB82-4B6ECC81EE86}.Release|Any CPU.Build.0 = Release|Any CPU
		{0BC74A9B-DFA4-446B-B491-B3E301A2F239}.Debug|Any CPU.ActiveCfg = Debug|Any CPU
		{0BC74A9B-DFA4-446B-B491-B3E301A2F239}.Debug|Any CPU.Build.0 = Debug|Any CPU
		{0BC74A9B-DFA4-446B-B491-B3E301A2F239}.Release|Any CPU.ActiveCfg = Release|Any CPU
		{0BC74A9B-DFA4-446B-B491-B3E301A2F239}.Release|Any CPU.Build.0 = Release|Any CPU
		{A6D3E0FC-0621-404A-B58C-C7FFB7F82A45}.Debug|Any CPU.ActiveCfg = Debug|Any CPU
		{A6D3E0FC-0621-404A-B58C-C7FFB7F82A45}.Debug|Any CPU.Build.0 = Debug|Any CPU
		{A6D3E0FC-0621-404A-B58C-C7FFB7F82A45}.Release|Any CPU.ActiveCfg = Release|Any CPU
		{A6D3E0FC-0621-404A-B58C-C7FFB7F82A45}.Release|Any CPU.Build.0 = Release|Any CPU
		{B9D6F89B-2793-43D2-BD82-44D89302DF63}.Debug|Any CPU.ActiveCfg = Debug|Any CPU
		{B9D6F89B-2793-43D2-BD82-44D89302DF63}.Debug|Any CPU.Build.0 = Debug|Any CPU
		{B9D6F89B-2793-43D2-BD82-44D89302DF63}.Release|Any CPU.ActiveCfg = Release|Any CPU
		{B9D6F89B-2793-43D2-BD82-44D89302DF63}.Release|Any CPU.Build.0 = Release|Any CPU
		{D83BE308-98CB-4C2B-A71F-FD26C77B573E}.Debug|Any CPU.ActiveCfg = Debug|Any CPU
		{D83BE308-98CB-4C2B-A71F-FD26C77B573E}.Debug|Any CPU.Build.0 = Debug|Any CPU
		{D83BE308-98CB-4C2B-A71F-FD26C77B573E}.Release|Any CPU.ActiveCfg = Release|Any CPU
		{D83BE308-98CB-4C2B-A71F-FD26C77B573E}.Release|Any CPU.Build.0 = Release|Any CPU
		{1126222A-E6C9-4FAA-9DDD-BA6B7672FC1E}.Debug|Any CPU.ActiveCfg = Debug|Any CPU
		{1126222A-E6C9-4FAA-9DDD-BA6B7672FC1E}.Debug|Any CPU.Build.0 = Debug|Any CPU
		{1126222A-E6C9-4FAA-9DDD-BA6B7672FC1E}.Release|Any CPU.ActiveCfg = Release|Any CPU
		{1126222A-E6C9-4FAA-9DDD-BA6B7672FC1E}.Release|Any CPU.Build.0 = Release|Any CPU
		{6CB7C7B5-38EE-44F6-9EFE-4C915F40F6B7}.Debug|Any CPU.ActiveCfg = Debug|Any CPU
		{6CB7C7B5-38EE-44F6-9EFE-4C915F40F6B7}.Debug|Any CPU.Build.0 = Debug|Any CPU
		{6CB7C7B5-38EE-44F6-9EFE-4C915F40F6B7}.Release|Any CPU.ActiveCfg = Release|Any CPU
		{6CB7C7B5-38EE-44F6-9EFE-4C915F40F6B7}.Release|Any CPU.Build.0 = Release|Any CPU
		{36A0D136-D01E-47A0-A0CD-4336439E7BBA}.Debug|Any CPU.ActiveCfg = Debug|Any CPU
		{36A0D136-D01E-47A0-A0CD-4336439E7BBA}.Debug|Any CPU.Build.0 = Debug|Any CPU
		{36A0D136-D01E-47A0-A0CD-4336439E7BBA}.Release|Any CPU.ActiveCfg = Release|Any CPU
		{36A0D136-D01E-47A0-A0CD-4336439E7BBA}.Release|Any CPU.Build.0 = Release|Any CPU
		{335306BA-3497-48AB-99DC-6AC729DED13D}.Debug|Any CPU.ActiveCfg = Debug|Any CPU
		{335306BA-3497-48AB-99DC-6AC729DED13D}.Debug|Any CPU.Build.0 = Debug|Any CPU
		{335306BA-3497-48AB-99DC-6AC729DED13D}.Release|Any CPU.ActiveCfg = Release|Any CPU
		{335306BA-3497-48AB-99DC-6AC729DED13D}.Release|Any CPU.Build.0 = Release|Any CPU
		{2099F728-E473-4D95-AA07-9056295E3E32}.Debug|Any CPU.ActiveCfg = Debug|Any CPU
		{2099F728-E473-4D95-AA07-9056295E3E32}.Debug|Any CPU.Build.0 = Debug|Any CPU
		{2099F728-E473-4D95-AA07-9056295E3E32}.Release|Any CPU.ActiveCfg = Release|Any CPU
		{2099F728-E473-4D95-AA07-9056295E3E32}.Release|Any CPU.Build.0 = Release|Any CPU
	EndGlobalSection
	GlobalSection(SolutionProperties) = preSolution
		HideSolutionNode = FALSE
	EndGlobalSection
	GlobalSection(NestedProjects) = preSolution
		{F3E53F79-AE26-42F9-AB12-66FA4706AAD9} = {93B25693-A443-486B-977C-0A304A647726}
		{B3080AFF-365E-439D-97BA-8A3E92B3F872} = {93B25693-A443-486B-977C-0A304A647726}
		{DD7F484E-7233-40A0-BBFA-F9BBF7BABC79} = {D2A8EC22-05EF-44FB-9E06-9FA8B9788AC4}
		{2B75047B-1AFC-47DE-8B31-F1CF8AEC6E05} = {93B25693-A443-486B-977C-0A304A647726}
		{8A890C24-5F18-4844-BC49-A584795E70A9} = {F25F989B-F75C-4284-91CF-8E07E08913AC}
		{50AFDF73-735C-48DD-B197-415C0B9992FA} = {DB6FD3CC-2392-4383-A768-778E9AA19E22}
		{BCA67212-590C-4863-8862-085A2504E0FE} = {217D2AD2-889B-438D-A898-08BA601811C1}
		{E1EB2965-839C-47C0-86B0-E9F4A0C7F32E} = {D2A8EC22-05EF-44FB-9E06-9FA8B9788AC4}
		{1D41035C-0E36-4609-983D-AB3883D5325D} = {74A0E1B1-77F9-439A-B50B-C12EDFC4A041}
		{D2A8EC22-05EF-44FB-9E06-9FA8B9788AC4} = {DB6FD3CC-2392-4383-A768-778E9AA19E22}
		{AD359AC3-E703-40B0-B224-2867D2E0C795} = {DB6FD3CC-2392-4383-A768-778E9AA19E22}
		{A2657B95-B2C5-45FE-AB82-4B6ECC81EE86} = {AD359AC3-E703-40B0-B224-2867D2E0C795}
		{0BC74A9B-DFA4-446B-B491-B3E301A2F239} = {AE0EC741-70AE-4510-83B0-2C1A39629CFD}
		{A6D3E0FC-0621-404A-B58C-C7FFB7F82A45} = {AD359AC3-E703-40B0-B224-2867D2E0C795}
		{B9D6F89B-2793-43D2-BD82-44D89302DF63} = {AE0EC741-70AE-4510-83B0-2C1A39629CFD}
		{D83BE308-98CB-4C2B-A71F-FD26C77B573E} = {AD359AC3-E703-40B0-B224-2867D2E0C795}
		{AE0EC741-70AE-4510-83B0-2C1A39629CFD} = {AD359AC3-E703-40B0-B224-2867D2E0C795}
		{1126222A-E6C9-4FAA-9DDD-BA6B7672FC1E} = {D2A8EC22-05EF-44FB-9E06-9FA8B9788AC4}
		{93B25693-A443-486B-977C-0A304A647726} = {D2A8EC22-05EF-44FB-9E06-9FA8B9788AC4}
		{F25F989B-F75C-4284-91CF-8E07E08913AC} = {D2A8EC22-05EF-44FB-9E06-9FA8B9788AC4}
		{6CB7C7B5-38EE-44F6-9EFE-4C915F40F6B7} = {F25F989B-F75C-4284-91CF-8E07E08913AC}
		{36A0D136-D01E-47A0-A0CD-4336439E7BBA} = {AE0EC741-70AE-4510-83B0-2C1A39629CFD}
		{335306BA-3497-48AB-99DC-6AC729DED13D} = {74A0E1B1-77F9-439A-B50B-C12EDFC4A041}
		{74A0E1B1-77F9-439A-B50B-C12EDFC4A041} = {DB6FD3CC-2392-4383-A768-778E9AA19E22}
		{2099F728-E473-4D95-AA07-9056295E3E32} = {DB6FD3CC-2392-4383-A768-778E9AA19E22}
	EndGlobalSection
	GlobalSection(ExtensibilityGlobals) = postSolution
		SolutionGuid = {D9910F84-F791-4753-8A02-193B05CB3472}
	EndGlobalSection
EndGlobal
