
Microsoft Visual Studio Solution File, Format Version 12.00
# Visual Studio Version 17
VisualStudioVersion = 17.0.31808.319
MinimumVisualStudioVersion = 10.0.40219.1
Project("{2150E333-8FDC-42A3-9474-1A3956D46DE8}") = "src", "src", "{DB6FD3CC-2392-4383-A768-778E9AA19E22}"
EndProject
Project("{2150E333-8FDC-42A3-9474-1A3956D46DE8}") = "Infraestructure", "Infraestructure", "{079B9A83-8AB7-4757-9404-CF611B512FC0}"
EndProject
Project("{2150E333-8FDC-42A3-9474-1A3956D46DE8}") = "Application", "Application", "{2DD579F7-72E4-460F-9B0D-079EB6E5AE56}"
EndProject
Project("{2150E333-8FDC-42A3-9474-1A3956D46DE8}") = "test", "test", "{734673B8-6C4B-4489-AD52-268BEE2DDC04}"
EndProject
Project("{9A19103F-16F7-4668-BE54-9A1E7A4F7556}") = "Shared", "src\Shared\Shared.csproj", "{F3E53F79-AE26-42F9-AB12-66FA4706AAD9}"
EndProject
Project("{9A19103F-16F7-4668-BE54-9A1E7A4F7556}") = "Domain", "src\Domain\Domain.csproj", "{B3080AFF-365E-439D-97BA-8A3E92B3F872}"
EndProject
Project("{9A19103F-16F7-4668-BE54-9A1E7A4F7556}") = "Application.Core", "src\Application.Core\Application.Core.csproj", "{DD7F484E-7233-40A0-BBFA-F9BBF7BABC79}"
EndProject
Project("{2150E333-8FDC-42A3-9474-1A3956D46DE8}") = "Interfaces", "Interfaces", "{C425E959-8C95-47D6-8208-1AC6373E57ED}"
EndProject
Project("{2150E333-8FDC-42A3-9474-1A3956D46DE8}") = "Core", "Core", "{7E39FF95-A340-4FD1-BBF9-F7387455F055}"
EndProject
Project("{9A19103F-16F7-4668-BE54-9A1E7A4F7556}") = "Application.Interfaces", "src\Application.Interfaces\Application.Interfaces.csproj", "{2B75047B-1AFC-47DE-8B31-F1CF8AEC6E05}"
EndProject
Project("{2150E333-8FDC-42A3-9474-1A3956D46DE8}") = "Solution Items", "Solution Items", "{F3BA576E-D51A-491E-ABB3-F7AADF75573A}"
	ProjectSection(SolutionItems) = preProject
		.editorconfig = .editorconfig
		docker-compose.ps1 = docker-compose.ps1
	EndProjectSection
EndProject
Project("{2150E333-8FDC-42A3-9474-1A3956D46DE8}") = "API", "API", "{929F585A-92B2-438D-A219-2D95BA5CCA55}"
EndProject
Project("{2150E333-8FDC-42A3-9474-1A3956D46DE8}") = "Repositories", "Repositories", "{A0453184-E060-4CC8-91DB-A1AEFAAC8A06}"
EndProject
Project("{9A19103F-16F7-4668-BE54-9A1E7A4F7556}") = "TestUnitarios", "test\TestUnitarios\TestUnitarios.csproj", "{8A890C24-5F18-4844-BC49-A584795E70A9}"
EndProject
Project("{9A19103F-16F7-4668-BE54-9A1E7A4F7556}") = "HostWebApi", "src\HostWebApi\HostWebApi.csproj", "{50AFDF73-735C-48DD-B197-415C0B9992FA}"
EndProject
Project("{9A19103F-16F7-4668-BE54-9A1E7A4F7556}") = "Api", "src\Api\Api.csproj", "{C2B0E14E-4547-4A6F-87EC-27F1F97188FF}"
EndProject
Project("{9A19103F-16F7-4668-BE54-9A1E7A4F7556}") = "TestIntegracionHost", "test\TestIntegracionHost\TestIntegracionHost.csproj", "{BCA67212-590C-4863-8862-085A2504E0FE}"
EndProject
Project("{FAE04EC0-301F-11D3-BF4B-00C04F79EFBC}") = "TestIntegracionAPI", "test\TestIntegracionAPI\TestIntegracionAPI.csproj", "{63019631-A250-48F1-8183-519F00A0049A}"
EndProject
Project("{FAE04EC0-301F-11D3-BF4B-00C04F79EFBC}") = "Infraestructure.ServiceBus", "src\Infraestructure.ServiceBus\Infraestructure.ServiceBus.csproj", "{514FD764-B417-4456-AFC9-D7A98B07814D}"
EndProject
Project("{FAE04EC0-301F-11D3-BF4B-00C04F79EFBC}") = "Infraestructure.DataAccess", "src\Infraestructure.DataAccess\Infraestructure.DataAccess.csproj", "{E1EB2965-839C-47C0-86B0-E9F4A0C7F32E}"
EndProject
Project("{FAE04EC0-301F-11D3-BF4B-00C04F79EFBC}") = "Infraestructure.MySqlDatabase", "src\Infraestructure.MySqlDatabase\Infraestructure.MySqlDatabase.csproj", "{636022C9-41B3-407C-B598-01EB30098F5F}"
EndProject
Project("{FAE04EC0-301F-11D3-BF4B-00C04F79EFBC}") = "Infraestructure.MongoDatabase", "src\Infraestructure.MongoDatabase\Infraestructure.MongoDatabase.csproj", "{1D41035C-0E36-4609-983D-AB3883D5325D}"
EndProject
Global
	GlobalSection(SolutionConfigurationPlatforms) = preSolution
		Debug|Any CPU = Debug|Any CPU
		Release|Any CPU = Release|Any CPU
	EndGlobalSection
	GlobalSection(ProjectConfigurationPlatforms) = postSolution
		{F3E53F79-AE26-42F9-AB12-66FA4706AAD9}.Debug|Any CPU.ActiveCfg = Debug|Any CPU
		{F3E53F79-AE26-42F9-AB12-66FA4706AAD9}.Debug|Any CPU.Build.0 = Debug|Any CPU
		{F3E53F79-AE26-42F9-AB12-66FA4706AAD9}.Release|Any CPU.ActiveCfg = Release|Any CPU
		{F3E53F79-AE26-42F9-AB12-66FA4706AAD9}.Release|Any CPU.Build.0 = Release|Any CPU
		{B3080AFF-365E-439D-97BA-8A3E92B3F872}.Debug|Any CPU.ActiveCfg = Debug|Any CPU
		{B3080AFF-365E-439D-97BA-8A3E92B3F872}.Debug|Any CPU.Build.0 = Debug|Any CPU
		{B3080AFF-365E-439D-97BA-8A3E92B3F872}.Release|Any CPU.ActiveCfg = Release|Any CPU
		{B3080AFF-365E-439D-97BA-8A3E92B3F872}.Release|Any CPU.Build.0 = Release|Any CPU
		{DD7F484E-7233-40A0-BBFA-F9BBF7BABC79}.Debug|Any CPU.ActiveCfg = Debug|Any CPU
		{DD7F484E-7233-40A0-BBFA-F9BBF7BABC79}.Debug|Any CPU.Build.0 = Debug|Any CPU
		{DD7F484E-7233-40A0-BBFA-F9BBF7BABC79}.Release|Any CPU.ActiveCfg = Release|Any CPU
		{DD7F484E-7233-40A0-BBFA-F9BBF7BABC79}.Release|Any CPU.Build.0 = Release|Any CPU
		{2B75047B-1AFC-47DE-8B31-F1CF8AEC6E05}.Debug|Any CPU.ActiveCfg = Debug|Any CPU
		{2B75047B-1AFC-47DE-8B31-F1CF8AEC6E05}.Debug|Any CPU.Build.0 = Debug|Any CPU
		{2B75047B-1AFC-47DE-8B31-F1CF8AEC6E05}.Release|Any CPU.ActiveCfg = Release|Any CPU
		{2B75047B-1AFC-47DE-8B31-F1CF8AEC6E05}.Release|Any CPU.Build.0 = Release|Any CPU
		{8A890C24-5F18-4844-BC49-A584795E70A9}.Debug|Any CPU.ActiveCfg = Debug|Any CPU
		{8A890C24-5F18-4844-BC49-A584795E70A9}.Debug|Any CPU.Build.0 = Debug|Any CPU
		{8A890C24-5F18-4844-BC49-A584795E70A9}.Release|Any CPU.ActiveCfg = Release|Any CPU
		{8A890C24-5F18-4844-BC49-A584795E70A9}.Release|Any CPU.Build.0 = Release|Any CPU
		{50AFDF73-735C-48DD-B197-415C0B9992FA}.Debug|Any CPU.ActiveCfg = Debug|Any CPU
		{50AFDF73-735C-48DD-B197-415C0B9992FA}.Debug|Any CPU.Build.0 = Debug|Any CPU
		{50AFDF73-735C-48DD-B197-415C0B9992FA}.Release|Any CPU.ActiveCfg = Release|Any CPU
		{50AFDF73-735C-48DD-B197-415C0B9992FA}.Release|Any CPU.Build.0 = Release|Any CPU
		{C2B0E14E-4547-4A6F-87EC-27F1F97188FF}.Debug|Any CPU.ActiveCfg = Debug|Any CPU
		{C2B0E14E-4547-4A6F-87EC-27F1F97188FF}.Debug|Any CPU.Build.0 = Debug|Any CPU
		{C2B0E14E-4547-4A6F-87EC-27F1F97188FF}.Release|Any CPU.ActiveCfg = Release|Any CPU
		{C2B0E14E-4547-4A6F-87EC-27F1F97188FF}.Release|Any CPU.Build.0 = Release|Any CPU
		{BCA67212-590C-4863-8862-085A2504E0FE}.Debug|Any CPU.ActiveCfg = Debug|Any CPU
		{BCA67212-590C-4863-8862-085A2504E0FE}.Debug|Any CPU.Build.0 = Debug|Any CPU
		{BCA67212-590C-4863-8862-085A2504E0FE}.Release|Any CPU.ActiveCfg = Release|Any CPU
		{BCA67212-590C-4863-8862-085A2504E0FE}.Release|Any CPU.Build.0 = Release|Any CPU
		{63019631-A250-48F1-8183-519F00A0049A}.Debug|Any CPU.ActiveCfg = Debug|Any CPU
		{63019631-A250-48F1-8183-519F00A0049A}.Debug|Any CPU.Build.0 = Debug|Any CPU
		{63019631-A250-48F1-8183-519F00A0049A}.Release|Any CPU.ActiveCfg = Release|Any CPU
		{63019631-A250-48F1-8183-519F00A0049A}.Release|Any CPU.Build.0 = Release|Any CPU
		{514FD764-B417-4456-AFC9-D7A98B07814D}.Debug|Any CPU.ActiveCfg = Debug|Any CPU
		{514FD764-B417-4456-AFC9-D7A98B07814D}.Debug|Any CPU.Build.0 = Debug|Any CPU
		{514FD764-B417-4456-AFC9-D7A98B07814D}.Release|Any CPU.ActiveCfg = Release|Any CPU
		{514FD764-B417-4456-AFC9-D7A98B07814D}.Release|Any CPU.Build.0 = Release|Any CPU
		{E1EB2965-839C-47C0-86B0-E9F4A0C7F32E}.Debug|Any CPU.ActiveCfg = Debug|Any CPU
		{E1EB2965-839C-47C0-86B0-E9F4A0C7F32E}.Debug|Any CPU.Build.0 = Debug|Any CPU
		{E1EB2965-839C-47C0-86B0-E9F4A0C7F32E}.Release|Any CPU.ActiveCfg = Release|Any CPU
		{E1EB2965-839C-47C0-86B0-E9F4A0C7F32E}.Release|Any CPU.Build.0 = Release|Any CPU
		{636022C9-41B3-407C-B598-01EB30098F5F}.Debug|Any CPU.ActiveCfg = Debug|Any CPU
		{636022C9-41B3-407C-B598-01EB30098F5F}.Debug|Any CPU.Build.0 = Debug|Any CPU
		{636022C9-41B3-407C-B598-01EB30098F5F}.Release|Any CPU.ActiveCfg = Release|Any CPU
		{636022C9-41B3-407C-B598-01EB30098F5F}.Release|Any CPU.Build.0 = Release|Any CPU
		{1D41035C-0E36-4609-983D-AB3883D5325D}.Debug|Any CPU.ActiveCfg = Debug|Any CPU
		{1D41035C-0E36-4609-983D-AB3883D5325D}.Debug|Any CPU.Build.0 = Debug|Any CPU
		{1D41035C-0E36-4609-983D-AB3883D5325D}.Release|Any CPU.ActiveCfg = Release|Any CPU
		{1D41035C-0E36-4609-983D-AB3883D5325D}.Release|Any CPU.Build.0 = Release|Any CPU
	EndGlobalSection
	GlobalSection(SolutionProperties) = preSolution
		HideSolutionNode = FALSE
	EndGlobalSection
	GlobalSection(NestedProjects) = preSolution
		{079B9A83-8AB7-4757-9404-CF611B512FC0} = {DB6FD3CC-2392-4383-A768-778E9AA19E22}
		{2DD579F7-72E4-460F-9B0D-079EB6E5AE56} = {DB6FD3CC-2392-4383-A768-778E9AA19E22}
		{F3E53F79-AE26-42F9-AB12-66FA4706AAD9} = {DB6FD3CC-2392-4383-A768-778E9AA19E22}
		{B3080AFF-365E-439D-97BA-8A3E92B3F872} = {2DD579F7-72E4-460F-9B0D-079EB6E5AE56}
		{DD7F484E-7233-40A0-BBFA-F9BBF7BABC79} = {7E39FF95-A340-4FD1-BBF9-F7387455F055}
		{C425E959-8C95-47D6-8208-1AC6373E57ED} = {2DD579F7-72E4-460F-9B0D-079EB6E5AE56}
		{7E39FF95-A340-4FD1-BBF9-F7387455F055} = {2DD579F7-72E4-460F-9B0D-079EB6E5AE56}
		{2B75047B-1AFC-47DE-8B31-F1CF8AEC6E05} = {C425E959-8C95-47D6-8208-1AC6373E57ED}
		{929F585A-92B2-438D-A219-2D95BA5CCA55} = {DB6FD3CC-2392-4383-A768-778E9AA19E22}
		{A0453184-E060-4CC8-91DB-A1AEFAAC8A06} = {079B9A83-8AB7-4757-9404-CF611B512FC0}
		{8A890C24-5F18-4844-BC49-A584795E70A9} = {734673B8-6C4B-4489-AD52-268BEE2DDC04}
		{50AFDF73-735C-48DD-B197-415C0B9992FA} = {929F585A-92B2-438D-A219-2D95BA5CCA55}
		{C2B0E14E-4547-4A6F-87EC-27F1F97188FF} = {929F585A-92B2-438D-A219-2D95BA5CCA55}
		{BCA67212-590C-4863-8862-085A2504E0FE} = {734673B8-6C4B-4489-AD52-268BEE2DDC04}
		{63019631-A250-48F1-8183-519F00A0049A} = {734673B8-6C4B-4489-AD52-268BEE2DDC04}
		{514FD764-B417-4456-AFC9-D7A98B07814D} = {A0453184-E060-4CC8-91DB-A1AEFAAC8A06}
		{E1EB2965-839C-47C0-86B0-E9F4A0C7F32E} = {079B9A83-8AB7-4757-9404-CF611B512FC0}
		{636022C9-41B3-407C-B598-01EB30098F5F} = {A0453184-E060-4CC8-91DB-A1AEFAAC8A06}
		{1D41035C-0E36-4609-983D-AB3883D5325D} = {A0453184-E060-4CC8-91DB-A1AEFAAC8A06}
	EndGlobalSection
	GlobalSection(ExtensibilityGlobals) = postSolution
		SolutionGuid = {D9910F84-F791-4753-8A02-193B05CB3472}
	EndGlobalSection
EndGlobal
